
Microsoft Visual Studio Solution File, Format Version 12.00
# Visual Studio Version 17
VisualStudioVersion = 17.14.36301.6 d17.14
MinimumVisualStudioVersion = 10.0.40219.1
Project("{FAE04EC0-301F-11D3-BF4B-00C04F79EFBC}") = "ConfigToolByExcel", "ConfigToolByExcel\ConfigToolByExcel.csproj", "{FDE2B94B-D598-4AB7-ACC4-4A688D45A33A}"
EndProject
Global
	GlobalSection(SolutionConfigurationPlatforms) = preSolution
		Debug|Any CPU = Debug|Any CPU
		Release|Any CPU = Release|Any CPU
	EndGlobalSection
	GlobalSection(ProjectConfigurationPlatforms) = postSolution
		{FDE2B94B-D598-4AB7-ACC4-4A688D45A33A}.Debug|Any CPU.ActiveCfg = Debug|Any CPU
		{FDE2B94B-D598-4AB7-ACC4-4A688D45A33A}.Debug|Any CPU.Build.0 = Debug|Any CPU
		{FDE2B94B-D598-4AB7-ACC4-4A688D45A33A}.Release|Any CPU.ActiveCfg = Release|Any CPU
		{FDE2B94B-D598-4AB7-ACC4-4A688D45A33A}.Release|Any CPU.Build.0 = Release|Any CPU
	EndGlobalSection
	GlobalSection(SolutionProperties) = preSolution
		HideSolutionNode = FALSE
	EndGlobalSection
	GlobalSection(ExtensibilityGlobals) = postSolution
		SolutionGuid = {700D3F1D-E0EF-48DB-8A68-51BD5DBE8937}
	EndGlobalSection
EndGlobal
